
Microsoft Visual Studio Solution File, Format Version 12.00
# Visual Studio 15
VisualStudioVersion = 15.0.26124.0
MinimumVisualStudioVersion = 15.0.26124.0
Project("{FAE04EC0-301F-11D3-BF4B-00C04F79EFBC}") = "Domain", "Domain\Domain.csproj", "{738D48EB-E8D4-4C79-A55A-9369451669CE}"
EndProject
Project("{FAE04EC0-301F-11D3-BF4B-00C04F79EFBC}") = "Application", "Application\Application.csproj", "{4CD5179F-C790-43E8-A0B7-38E684F8B921}"
EndProject
Project("{FAE04EC0-301F-11D3-BF4B-00C04F79EFBC}") = "Persistence", "Persistence\Persistence.csproj", "{403434DF-3E90-4A0D-93AE-F1ACDF69146E}"
EndProject
Project("{FAE04EC0-301F-11D3-BF4B-00C04F79EFBC}") = "API", "API\API.csproj", "{08DEEEB9-ED92-443D-AED7-4CCE79065F74}"
EndProject
Global
	GlobalSection(SolutionConfigurationPlatforms) = preSolution
		Debug|Any CPU = Debug|Any CPU
		Debug|x64 = Debug|x64
		Debug|x86 = Debug|x86
		Release|Any CPU = Release|Any CPU
		Release|x64 = Release|x64
		Release|x86 = Release|x86
	EndGlobalSection
	GlobalSection(SolutionProperties) = preSolution
		HideSolutionNode = FALSE
	EndGlobalSection
	GlobalSection(ProjectConfigurationPlatforms) = postSolution
		{738D48EB-E8D4-4C79-A55A-9369451669CE}.Debug|Any CPU.ActiveCfg = Debug|Any CPU
		{738D48EB-E8D4-4C79-A55A-9369451669CE}.Debug|Any CPU.Build.0 = Debug|Any CPU
		{738D48EB-E8D4-4C79-A55A-9369451669CE}.Debug|x64.ActiveCfg = Debug|Any CPU
		{738D48EB-E8D4-4C79-A55A-9369451669CE}.Debug|x64.Build.0 = Debug|Any CPU
		{738D48EB-E8D4-4C79-A55A-9369451669CE}.Debug|x86.ActiveCfg = Debug|Any CPU
		{738D48EB-E8D4-4C79-A55A-9369451669CE}.Debug|x86.Build.0 = Debug|Any CPU
		{738D48EB-E8D4-4C79-A55A-9369451669CE}.Release|Any CPU.ActiveCfg = Release|Any CPU
		{738D48EB-E8D4-4C79-A55A-9369451669CE}.Release|Any CPU.Build.0 = Release|Any CPU
		{738D48EB-E8D4-4C79-A55A-9369451669CE}.Release|x64.ActiveCfg = Release|Any CPU
		{738D48EB-E8D4-4C79-A55A-9369451669CE}.Release|x64.Build.0 = Release|Any CPU
		{738D48EB-E8D4-4C79-A55A-9369451669CE}.Release|x86.ActiveCfg = Release|Any CPU
		{738D48EB-E8D4-4C79-A55A-9369451669CE}.Release|x86.Build.0 = Release|Any CPU
		{4CD5179F-C790-43E8-A0B7-38E684F8B921}.Debug|Any CPU.ActiveCfg = Debug|Any CPU
		{4CD5179F-C790-43E8-A0B7-38E684F8B921}.Debug|Any CPU.Build.0 = Debug|Any CPU
		{4CD5179F-C790-43E8-A0B7-38E684F8B921}.Debug|x64.ActiveCfg = Debug|Any CPU
		{4CD5179F-C790-43E8-A0B7-38E684F8B921}.Debug|x64.Build.0 = Debug|Any CPU
		{4CD5179F-C790-43E8-A0B7-38E684F8B921}.Debug|x86.ActiveCfg = Debug|Any CPU
		{4CD5179F-C790-43E8-A0B7-38E684F8B921}.Debug|x86.Build.0 = Debug|Any CPU
		{4CD5179F-C790-43E8-A0B7-38E684F8B921}.Release|Any CPU.ActiveCfg = Release|Any CPU
		{4CD5179F-C790-43E8-A0B7-38E684F8B921}.Release|Any CPU.Build.0 = Release|Any CPU
		{4CD5179F-C790-43E8-A0B7-38E684F8B921}.Release|x64.ActiveCfg = Release|Any CPU
		{4CD5179F-C790-43E8-A0B7-38E684F8B921}.Release|x64.Build.0 = Release|Any CPU
		{4CD5179F-C790-43E8-A0B7-38E684F8B921}.Release|x86.ActiveCfg = Release|Any CPU
		{4CD5179F-C790-43E8-A0B7-38E684F8B921}.Release|x86.Build.0 = Release|Any CPU
		{403434DF-3E90-4A0D-93AE-F1ACDF69146E}.Debug|Any CPU.ActiveCfg = Debug|Any CPU
		{403434DF-3E90-4A0D-93AE-F1ACDF69146E}.Debug|Any CPU.Build.0 = Debug|Any CPU
		{403434DF-3E90-4A0D-93AE-F1ACDF69146E}.Debug|x64.ActiveCfg = Debug|Any CPU
		{403434DF-3E90-4A0D-93AE-F1ACDF69146E}.Debug|x64.Build.0 = Debug|Any CPU
		{403434DF-3E90-4A0D-93AE-F1ACDF69146E}.Debug|x86.ActiveCfg = Debug|Any CPU
		{403434DF-3E90-4A0D-93AE-F1ACDF69146E}.Debug|x86.Build.0 = Debug|Any CPU
		{403434DF-3E90-4A0D-93AE-F1ACDF69146E}.Release|Any CPU.ActiveCfg = Release|Any CPU
		{403434DF-3E90-4A0D-93AE-F1ACDF69146E}.Release|Any CPU.Build.0 = Release|Any CPU
		{403434DF-3E90-4A0D-93AE-F1ACDF69146E}.Release|x64.ActiveCfg = Release|Any CPU
		{403434DF-3E90-4A0D-93AE-F1ACDF69146E}.Release|x64.Build.0 = Release|Any CPU
		{403434DF-3E90-4A0D-93AE-F1ACDF69146E}.Release|x86.ActiveCfg = Release|Any CPU
		{403434DF-3E90-4A0D-93AE-F1ACDF69146E}.Release|x86.Build.0 = Release|Any CPU
		{08DEEEB9-ED92-443D-AED7-4CCE79065F74}.Debug|Any CPU.ActiveCfg = Debug|Any CPU
		{08DEEEB9-ED92-443D-AED7-4CCE79065F74}.Debug|Any CPU.Build.0 = Debug|Any CPU
		{08DEEEB9-ED92-443D-AED7-4CCE79065F74}.Debug|x64.ActiveCfg = Debug|Any CPU
		{08DEEEB9-ED92-443D-AED7-4CCE79065F74}.Debug|x64.Build.0 = Debug|Any CPU
		{08DEEEB9-ED92-443D-AED7-4CCE79065F74}.Debug|x86.ActiveCfg = Debug|Any CPU
		{08DEEEB9-ED92-443D-AED7-4CCE79065F74}.Debug|x86.Build.0 = Debug|Any CPU
		{08DEEEB9-ED92-443D-AED7-4CCE79065F74}.Release|Any CPU.ActiveCfg = Release|Any CPU
		{08DEEEB9-ED92-443D-AED7-4CCE79065F74}.Release|Any CPU.Build.0 = Release|Any CPU
		{08DEEEB9-ED92-443D-AED7-4CCE79065F74}.Release|x64.ActiveCfg = Release|Any CPU
		{08DEEEB9-ED92-443D-AED7-4CCE79065F74}.Release|x64.Build.0 = Release|Any CPU
		{08DEEEB9-ED92-443D-AED7-4CCE79065F74}.Release|x86.ActiveCfg = Release|Any CPU
		{08DEEEB9-ED92-443D-AED7-4CCE79065F74}.Release|x86.Build.0 = Release|Any CPU
	EndGlobalSection
EndGlobal
